<?xml version="1.0" encoding="utf-8"?>
<Project ToolsVersion="4.0" xmlns="http://schemas.microsoft.com/developer/msbuild/2003">
  <ItemGroup>
    <Filter Include="Source Files">
      <UniqueIdentifier>{4FC737F1-C7A5-4376-A066-2A32D752A2FF}</UniqueIdentifier>
      <Extensions>qml;cpp;c;cc;cxx;def;odl;idl;hpj;bat;asm;asmx</Extensions>
    </Filter>
    <Filter Include="Header Files">
      <UniqueIdentifier>{93995380-89BD-4b04-88EB-625FBE52EBFB}</UniqueIdentifier>
      <Extensions>h;hh;hpp;hxx;hm;inl;inc;xsd</Extensions>
    </Filter>
    <Filter Include="Resource Files">
      <UniqueIdentifier>{67DA6AB6-F800-4c08-8B7A-83BB121AAD01}</UniqueIdentifier>
      <Extensions>qrc;rc;ico;cur;bmp;dlg;rc2;rct;bin;rgs;gif;jpg;jpeg;jpe;resx;tiff;tif;png;wav;mfcribbon-ms</Extensions>
    </Filter>
    <Filter Include="Form Files">
      <UniqueIdentifier>{99349809-55BA-4b9d-BF79-8FDBB0286EB3}</UniqueIdentifier>
      <Extensions>ui</Extensions>
    </Filter>
    <Filter Include="Translation Files">
      <UniqueIdentifier>{639EADAA-A684-42e4-A9AD-28FC9BCB8F7C}</UniqueIdentifier>
      <Extensions>ts</Extensions>
    </Filter>
  </ItemGroup>
  <ItemGroup>
    <QtRcc Include="gwpttapp.qrc">
      <Filter>Resource Files</Filter>
    </QtRcc>
  </ItemGroup>
  <ItemGroup>
    <ClCompile Include="main.cpp">
      <Filter>Source Files</Filter>
    </ClCompile>
    <ClCompile Include="GWPttLoginWidget.cpp">
      <Filter>Source Files</Filter>
    </ClCompile>
    <ClCompile Include="GWLog.cpp">
      <Filter>Source Files</Filter>
    </ClCompile>
    <ClCompile Include="cJSON.c">
      <Filter>Source Files</Filter>
    </ClCompile>
    <ClCompile Include="GWPttAppMain.cpp">
      <Filter>Source Files</Filter>
    </ClCompile>
    <ClCompile Include="GWPttManager.cpp">
      <Filter>Source Files</Filter>
    </ClCompile>
    <ClCompile Include="GWPttEnterGrpDialog.cpp">
      <Filter>Source Files</Filter>
    </ClCompile>
    <ClCompile Include="PcAudioDevice.cpp">
      <Filter>Source Files</Filter>
    </ClCompile>
    <ClCompile Include="qrcodegen.cpp">
      <Filter>Source Files</Filter>
    </ClCompile>
    <ClCompile Include="GWPttQRCodeDialog.cpp">
      <Filter>Source Files</Filter>
    </ClCompile>
  </ItemGroup>
  <ItemGroup>
    <QtTranslation Include="Translation_zh_CN.ts">
      <Filter>Translation Files</Filter>
    </QtTranslation>
    <QtTranslation Include="Translation_en_US.ts">
      <Filter>Translation Files</Filter>
    </QtTranslation>
  </ItemGroup>
  <ItemGroup>
    <QtUic Include="gwpttlogin.ui">
      <Filter>Form Files</Filter>
    </QtUic>
    <QtUic Include="GWPttAppMain.ui">
      <Filter>Form Files</Filter>
    </QtUic>
    <QtUic Include="GWPttEnterGrpDialog.ui">
      <Filter>Form Files</Filter>
    </QtUic>
    <QtUic Include="GWPttQRCodeDialog.ui">
      <Filter>Form Files</Filter>
    </QtUic>
  </ItemGroup>
  <ItemGroup>
    <QtMoc Include="GWPttLoginWidget.h">
      <Filter>Header Files</Filter>
    </QtMoc>
    <QtMoc Include="GWPttAppMain.h">
      <Filter>Header Files</Filter>
    </QtMoc>
    <QtMoc Include="GWPttManager.h">
      <Filter>Header Files</Filter>
    </QtMoc>
    <QtMoc Include="GWPttEnterGrpDialog.h">
      <Filter>Header Files</Filter>
    </QtMoc>
    <QtMoc Include="PcAudioDevice.h">
      <Filter>Header Files</Filter>
    </QtMoc>
    <QtMoc Include="GWPttQRCodeDialog.h">
      <Filter>Header Files</Filter>
    </QtMoc>
  </ItemGroup>
  <ItemGroup>
    <ClInclude Include="gwsdpttlib\include\gw_ptt.h">
      <Filter>Header Files</Filter>
    </ClInclude>
    <ClInclude Include="gwsdpttlib\include\GWPttAudioDevice.h">
      <Filter>Header Files</Filter>
    </ClInclude>
    <ClInclude Include="gwsdpttlib\include\GWPttEngine.h">
      <Filter>Header Files</Filter>
    </ClInclude>
    <ClInclude Include="GWLog.h">
      <Filter>Header Files</Filter>
    </ClInclude>
    <ClInclude Include="lc.h">
      <Filter>Header Files</Filter>
    </ClInclude>
    <ClInclude Include="lc-addrlabels.h">
      <Filter>Header Files</Filter>
    </ClInclude>
    <ClInclude Include="lc-switch.h">
      <Filter>Header Files</Filter>
    </ClInclude>
    <ClInclude Include="pt.h">
      <Filter>Header Files</Filter>
    </ClInclude>
    <ClInclude Include="cJSON.h">
      <Filter>Header Files</Filter>
    </ClInclude>
    <ClInclude Include="GWPttConfig.h">
      <Filter>Header Files</Filter>
    </ClInclude>
    <ClInclude Include="resource.h">
      <Filter>Header Files</Filter>
    </ClInclude>
    <ClInclude Include="qrcodegen.hpp">
      <Filter>Header Files</Filter>
    </ClInclude>
  </ItemGroup>
  <ItemGroup>
    <ResourceCompile Include="gwpttapp.rc">
      <Filter>Resource Files</Filter>
    </ResourceCompile>
  </ItemGroup>
  <ItemGroup>
    <Image Include="PTT.ico">
      <Filter>Resource Files</Filter>
    </Image>
  </ItemGroup>
</Project>